
Microsoft Visual Studio Solution File, Format Version 11.00
# Visual C++ Express 2010
Project("{8BC9CEB8-8B4A-11D0-8D11-00A0C91BC942}") = "tracer_rio", "tracer_rio.vcxproj", "{21397A13-8604-459D-B395-2B56E990B057}"
EndProject
Global
	GlobalSection(SolutionConfigurationPlatforms) = preSolution
		Debug|Win32 = Debug|Win32
		Release|Win32 = Release|Win32
	EndGlobalSection
	GlobalSection(ProjectConfigurationPlatforms) = postSolution
		{21397A13-8604-459D-B395-2B56E990B057}.Debug|Win32.ActiveCfg = Debug|Win32
		{21397A13-8604-459D-B395-2B56E990B057}.Debug|Win32.Build.0 = Debug|Win32
		{21397A13-8604-459D-B395-2B56E990B057}.Release|Win32.ActiveCfg = Release|Win32
		{21397A13-8604-459D-B395-2B56E990B057}.Release|Win32.Build.0 = Release|Win32
	EndGlobalSection
	GlobalSection(SolutionProperties) = preSolution
		HideSolutionNode = FALSE
	EndGlobalSection
EndGlobal
