
Microsoft Visual Studio Solution File, Format Version 11.00
# Visual C++ Express 2010
Project("{8BC9CEB8-8B4A-11D0-8D11-00A0C91BC942}") = "tracer_v10", "tracer_v10.vcxproj", "{8E65407F-055E-45BE-A187-DF0DD18A7E64}"
EndProject
Global
	GlobalSection(SolutionConfigurationPlatforms) = preSolution
		Debug|Win32 = Debug|Win32
		Release|Win32 = Release|Win32
	EndGlobalSection
	GlobalSection(ProjectConfigurationPlatforms) = postSolution
		{8E65407F-055E-45BE-A187-DF0DD18A7E64}.Debug|Win32.ActiveCfg = Debug|Win32
		{8E65407F-055E-45BE-A187-DF0DD18A7E64}.Debug|Win32.Build.0 = Debug|Win32
		{8E65407F-055E-45BE-A187-DF0DD18A7E64}.Release|Win32.ActiveCfg = Release|Win32
		{8E65407F-055E-45BE-A187-DF0DD18A7E64}.Release|Win32.Build.0 = Release|Win32
	EndGlobalSection
	GlobalSection(SolutionProperties) = preSolution
		HideSolutionNode = FALSE
	EndGlobalSection
EndGlobal
